
Microsoft Visual Studio Solution File, Format Version 12.00
# Visual Studio 15
VisualStudioVersion = 15.0.28307.2017
MinimumVisualStudioVersion = 10.0.40219.1
Project("{FAE04EC0-301F-11D3-BF4B-00C04F79EFBC}") = "ConsoleApp", "ConsoleApp.csproj", "{1B91DCDD-89AD-4BB6-97C2-A2543009707E}"
EndProject
Global
	GlobalSection(SolutionConfigurationPlatforms) = preSolution
		Debug|Any CPU = Debug|Any CPU
		Release|Any CPU = Release|Any CPU
	EndGlobalSection
	GlobalSection(ProjectConfigurationPlatforms) = postSolution
		{1B91DCDD-89AD-4BB6-97C2-A2543009707E}.Debug|Any CPU.ActiveCfg = Debug|Any CPU
		{1B91DCDD-89AD-4BB6-97C2-A2543009707E}.Debug|Any CPU.Build.0 = Debug|Any CPU
		{1B91DCDD-89AD-4BB6-97C2-A2543009707E}.Release|Any CPU.ActiveCfg = Release|Any CPU
		{1B91DCDD-89AD-4BB6-97C2-A2543009707E}.Release|Any CPU.Build.0 = Release|Any CPU
	EndGlobalSection
	GlobalSection(SolutionProperties) = preSolution
		HideSolutionNode = FALSE
	EndGlobalSection
	GlobalSection(ExtensibilityGlobals) = postSolution
		SolutionGuid = {085BCC37-480B-49EC-99A1-3550EEA67EA5}
	EndGlobalSection
EndGlobal
